
Microsoft Visual Studio Solution File, Format Version 12.00
# Visual Studio Version 16
VisualStudioVersion = 16.0.29709.97
MinimumVisualStudioVersion = 10.0.40219.1
Project("{FAE04EC0-301F-11D3-BF4B-00C04F79EFBC}") = "AdoNetTest", "AdoNetTest\AdoNetTest.csproj", "{F545F2D5-B6CD-44B7-82DC-C4A8526ED492}"
EndProject
Global
	GlobalSection(SolutionConfigurationPlatforms) = preSolution
		Debug|Any CPU = Debug|Any CPU
		Release|Any CPU = Release|Any CPU
	EndGlobalSection
	GlobalSection(ProjectConfigurationPlatforms) = postSolution
		{F545F2D5-B6CD-44B7-82DC-C4A8526ED492}.Debug|Any CPU.ActiveCfg = Debug|Any CPU
		{F545F2D5-B6CD-44B7-82DC-C4A8526ED492}.Debug|Any CPU.Build.0 = Debug|Any CPU
		{F545F2D5-B6CD-44B7-82DC-C4A8526ED492}.Release|Any CPU.ActiveCfg = Release|Any CPU
		{F545F2D5-B6CD-44B7-82DC-C4A8526ED492}.Release|Any CPU.Build.0 = Release|Any CPU
	EndGlobalSection
	GlobalSection(SolutionProperties) = preSolution
		HideSolutionNode = FALSE
	EndGlobalSection
	GlobalSection(ExtensibilityGlobals) = postSolution
		SolutionGuid = {21DB46B2-625C-40F0-A371-80BC902B0FD9}
	EndGlobalSection
EndGlobal
